
Microsoft Visual Studio Solution File, Format Version 12.00
# Visual Studio 15
VisualStudioVersion = 15.0.27703.2035
MinimumVisualStudioVersion = 10.0.40219.1
Project("{9A19103F-16F7-4668-BE54-9A1E7A4F7556}") = "Sumo.Data", "src\Sumo.Data\Sumo.Data.csproj", "{4CDF3701-A67C-4492-A50D-BD1B0C54B885}"
EndProject
Project("{2150E333-8FDC-42A3-9474-1A3956D46DE8}") = "System", "System", "{106A688D-51E7-4417-8533-E7AFD2925147}"
EndProject
Project("{2150E333-8FDC-42A3-9474-1A3956D46DE8}") = "Tests", "Tests", "{D85B3B5A-05D9-4A56-A470-5C52167DD486}"
EndProject
Project("{9A19103F-16F7-4668-BE54-9A1E7A4F7556}") = "Test.Sumo.Data", "test\Test.Sumo.Data\Test.Sumo.Data.csproj", "{04CB505B-8E06-4690-A55B-420F71FC173E}"
EndProject
Project("{9A19103F-16F7-4668-BE54-9A1E7A4F7556}") = "Sumo.Data.SqlServer", "src\Sumo.Data.SqlServer\Sumo.Data.SqlServer.csproj", "{78D4A4FD-5096-4696-AAE9-12A48D26BD2A}"
EndProject
Project("{9A19103F-16F7-4668-BE54-9A1E7A4F7556}") = "Sumo.Retry", "src\Sumo.RetryProxy\Sumo.Retry.csproj", "{20E52F8A-5A41-459E-8088-34EE798D1333}"
EndProject
Project("{9A19103F-16F7-4668-BE54-9A1E7A4F7556}") = "Test.Sumo.Data.SqlServer", "test\Test.Sumo.Data.SqlServer\Test.Sumo.Data.SqlServer.csproj", "{DDC0B097-9721-4AF0-98C0-1F1DD2CA4DFA}"
EndProject
Project("{9A19103F-16F7-4668-BE54-9A1E7A4F7556}") = "Test.Sumo.RetryProxy", "test\Test.Sumo.RetryProxy\Test.Sumo.RetryProxy.csproj", "{BE755D7C-DDC6-4591-8A45-476F351A60C3}"
EndProject
Project("{9A19103F-16F7-4668-BE54-9A1E7A4F7556}") = "Sumo.Data.Sqlite", "src\Sumo.Data.Sqlite\Sumo.Data.Sqlite.csproj", "{E558F4FE-F23D-4B89-A59E-DA0F299C226A}"
EndProject
Project("{9A19103F-16F7-4668-BE54-9A1E7A4F7556}") = "Test.Sumo.Data.Sqlite", "test\Test.Sumo.Data.Sqlite\Test.Sumo.Data.Sqlite.csproj", "{0EACD6C5-FCFB-4727-BE1A-25F09FDAB107}"
EndProject
Project("{9A19103F-16F7-4668-BE54-9A1E7A4F7556}") = "Test.Sumo.Data.Orm.Sqlite", "test\Test.Sumo.Data.Orm.Sqlite\Test.Sumo.Data.Orm.Sqlite.csproj", "{D696BFCE-F062-4403-8100-65F382B8281F}"
EndProject
Project("{2150E333-8FDC-42A3-9474-1A3956D46DE8}") = "Examples", "Examples", "{BFE6C935-9955-4819-8767-339CA3E92CE1}"
EndProject
Project("{9A19103F-16F7-4668-BE54-9A1E7A4F7556}") = "Sumo.Data.Generator", "examples\Sumo.Data.Generator\Sumo.Data.Generator.csproj", "{BB407E76-E63C-4D2B-8C26-3E1ECED7FD07}"
EndProject
Project("{9A19103F-16F7-4668-BE54-9A1E7A4F7556}") = "Test.Sumo.Sync", "Test\Test.Sumo.Sync\Test.Sumo.Sync.csproj", "{BD8213F4-7A77-4C24-B8E1-0F2B697E5EFC}"
EndProject
Project("{9A19103F-16F7-4668-BE54-9A1E7A4F7556}") = "Sumo.Retry.Example", "examples\Sumo.Retry.Example\Sumo.Retry.Example.csproj", "{BB51E0D6-7A4E-46C8-9394-C049AFEA7648}"
EndProject
Project("{9A19103F-16F7-4668-BE54-9A1E7A4F7556}") = "Sumo.Procedure.CodeGen", "examples\Sumo.Procedure.CodeGen\Sumo.Procedure.CodeGen.csproj", "{D2449887-8D16-431D-8862-1822DE121FFA}"
EndProject
Project("{00D1A9C2-B5F0-4AF3-8072-F6C62B433612}") = "Sumo.Data.Test", "test\Sumo.Data.Test\Sumo.Data.Test.sqlproj", "{64100D02-3AF8-47A4-91FF-F56C3522D656}"
EndProject
Project("{2150E333-8FDC-42A3-9474-1A3956D46DE8}") = "Scripts", "Scripts", "{BF7CF35C-24C0-45E3-8BCA-283D87347020}"
	ProjectSection(SolutionItems) = preProject
		scripts\PackNPush_Local_Debug.ps1 = scripts\PackNPush_Local_Debug.ps1
		scripts\PackNPush_Local_Release.ps1 = scripts\PackNPush_Local_Release.ps1
		scripts\PackNPush_NugetOrg.ps1 = scripts\PackNPush_NugetOrg.ps1
	EndProjectSection
EndProject
Global
	GlobalSection(SolutionConfigurationPlatforms) = preSolution
		Debug|Any CPU = Debug|Any CPU
		Release|Any CPU = Release|Any CPU
	EndGlobalSection
	GlobalSection(ProjectConfigurationPlatforms) = postSolution
		{4CDF3701-A67C-4492-A50D-BD1B0C54B885}.Debug|Any CPU.ActiveCfg = Debug|Any CPU
		{4CDF3701-A67C-4492-A50D-BD1B0C54B885}.Debug|Any CPU.Build.0 = Debug|Any CPU
		{4CDF3701-A67C-4492-A50D-BD1B0C54B885}.Release|Any CPU.ActiveCfg = Release|Any CPU
		{4CDF3701-A67C-4492-A50D-BD1B0C54B885}.Release|Any CPU.Build.0 = Release|Any CPU
		{04CB505B-8E06-4690-A55B-420F71FC173E}.Debug|Any CPU.ActiveCfg = Debug|Any CPU
		{04CB505B-8E06-4690-A55B-420F71FC173E}.Debug|Any CPU.Build.0 = Debug|Any CPU
		{04CB505B-8E06-4690-A55B-420F71FC173E}.Release|Any CPU.ActiveCfg = Release|Any CPU
		{04CB505B-8E06-4690-A55B-420F71FC173E}.Release|Any CPU.Build.0 = Release|Any CPU
		{78D4A4FD-5096-4696-AAE9-12A48D26BD2A}.Debug|Any CPU.ActiveCfg = Debug|Any CPU
		{78D4A4FD-5096-4696-AAE9-12A48D26BD2A}.Debug|Any CPU.Build.0 = Debug|Any CPU
		{78D4A4FD-5096-4696-AAE9-12A48D26BD2A}.Release|Any CPU.ActiveCfg = Release|Any CPU
		{78D4A4FD-5096-4696-AAE9-12A48D26BD2A}.Release|Any CPU.Build.0 = Release|Any CPU
		{20E52F8A-5A41-459E-8088-34EE798D1333}.Debug|Any CPU.ActiveCfg = Debug|Any CPU
		{20E52F8A-5A41-459E-8088-34EE798D1333}.Debug|Any CPU.Build.0 = Debug|Any CPU
		{20E52F8A-5A41-459E-8088-34EE798D1333}.Release|Any CPU.ActiveCfg = Release|Any CPU
		{20E52F8A-5A41-459E-8088-34EE798D1333}.Release|Any CPU.Build.0 = Release|Any CPU
		{DDC0B097-9721-4AF0-98C0-1F1DD2CA4DFA}.Debug|Any CPU.ActiveCfg = Debug|Any CPU
		{DDC0B097-9721-4AF0-98C0-1F1DD2CA4DFA}.Debug|Any CPU.Build.0 = Debug|Any CPU
		{DDC0B097-9721-4AF0-98C0-1F1DD2CA4DFA}.Release|Any CPU.ActiveCfg = Release|Any CPU
		{DDC0B097-9721-4AF0-98C0-1F1DD2CA4DFA}.Release|Any CPU.Build.0 = Release|Any CPU
		{BE755D7C-DDC6-4591-8A45-476F351A60C3}.Debug|Any CPU.ActiveCfg = Debug|Any CPU
		{BE755D7C-DDC6-4591-8A45-476F351A60C3}.Debug|Any CPU.Build.0 = Debug|Any CPU
		{BE755D7C-DDC6-4591-8A45-476F351A60C3}.Release|Any CPU.ActiveCfg = Release|Any CPU
		{BE755D7C-DDC6-4591-8A45-476F351A60C3}.Release|Any CPU.Build.0 = Release|Any CPU
		{E558F4FE-F23D-4B89-A59E-DA0F299C226A}.Debug|Any CPU.ActiveCfg = Debug|Any CPU
		{E558F4FE-F23D-4B89-A59E-DA0F299C226A}.Debug|Any CPU.Build.0 = Debug|Any CPU
		{E558F4FE-F23D-4B89-A59E-DA0F299C226A}.Release|Any CPU.ActiveCfg = Release|Any CPU
		{E558F4FE-F23D-4B89-A59E-DA0F299C226A}.Release|Any CPU.Build.0 = Release|Any CPU
		{0EACD6C5-FCFB-4727-BE1A-25F09FDAB107}.Debug|Any CPU.ActiveCfg = Debug|Any CPU
		{0EACD6C5-FCFB-4727-BE1A-25F09FDAB107}.Debug|Any CPU.Build.0 = Debug|Any CPU
		{0EACD6C5-FCFB-4727-BE1A-25F09FDAB107}.Release|Any CPU.ActiveCfg = Release|Any CPU
		{0EACD6C5-FCFB-4727-BE1A-25F09FDAB107}.Release|Any CPU.Build.0 = Release|Any CPU
		{D696BFCE-F062-4403-8100-65F382B8281F}.Debug|Any CPU.ActiveCfg = Debug|Any CPU
		{D696BFCE-F062-4403-8100-65F382B8281F}.Debug|Any CPU.Build.0 = Debug|Any CPU
		{D696BFCE-F062-4403-8100-65F382B8281F}.Release|Any CPU.ActiveCfg = Release|Any CPU
		{D696BFCE-F062-4403-8100-65F382B8281F}.Release|Any CPU.Build.0 = Release|Any CPU
		{BB407E76-E63C-4D2B-8C26-3E1ECED7FD07}.Debug|Any CPU.ActiveCfg = Debug|Any CPU
		{BB407E76-E63C-4D2B-8C26-3E1ECED7FD07}.Debug|Any CPU.Build.0 = Debug|Any CPU
		{BB407E76-E63C-4D2B-8C26-3E1ECED7FD07}.Release|Any CPU.ActiveCfg = Release|Any CPU
		{BB407E76-E63C-4D2B-8C26-3E1ECED7FD07}.Release|Any CPU.Build.0 = Release|Any CPU
		{BD8213F4-7A77-4C24-B8E1-0F2B697E5EFC}.Debug|Any CPU.ActiveCfg = Debug|Any CPU
		{BD8213F4-7A77-4C24-B8E1-0F2B697E5EFC}.Debug|Any CPU.Build.0 = Debug|Any CPU
		{BD8213F4-7A77-4C24-B8E1-0F2B697E5EFC}.Release|Any CPU.ActiveCfg = Release|Any CPU
		{BD8213F4-7A77-4C24-B8E1-0F2B697E5EFC}.Release|Any CPU.Build.0 = Release|Any CPU
		{BB51E0D6-7A4E-46C8-9394-C049AFEA7648}.Debug|Any CPU.ActiveCfg = Debug|Any CPU
		{BB51E0D6-7A4E-46C8-9394-C049AFEA7648}.Debug|Any CPU.Build.0 = Debug|Any CPU
		{BB51E0D6-7A4E-46C8-9394-C049AFEA7648}.Release|Any CPU.ActiveCfg = Release|Any CPU
		{BB51E0D6-7A4E-46C8-9394-C049AFEA7648}.Release|Any CPU.Build.0 = Release|Any CPU
		{D2449887-8D16-431D-8862-1822DE121FFA}.Debug|Any CPU.ActiveCfg = Debug|Any CPU
		{D2449887-8D16-431D-8862-1822DE121FFA}.Debug|Any CPU.Build.0 = Debug|Any CPU
		{D2449887-8D16-431D-8862-1822DE121FFA}.Release|Any CPU.ActiveCfg = Release|Any CPU
		{D2449887-8D16-431D-8862-1822DE121FFA}.Release|Any CPU.Build.0 = Release|Any CPU
		{64100D02-3AF8-47A4-91FF-F56C3522D656}.Debug|Any CPU.ActiveCfg = Debug|Any CPU
		{64100D02-3AF8-47A4-91FF-F56C3522D656}.Debug|Any CPU.Build.0 = Debug|Any CPU
		{64100D02-3AF8-47A4-91FF-F56C3522D656}.Debug|Any CPU.Deploy.0 = Debug|Any CPU
		{64100D02-3AF8-47A4-91FF-F56C3522D656}.Release|Any CPU.ActiveCfg = Release|Any CPU
		{64100D02-3AF8-47A4-91FF-F56C3522D656}.Release|Any CPU.Build.0 = Release|Any CPU
		{64100D02-3AF8-47A4-91FF-F56C3522D656}.Release|Any CPU.Deploy.0 = Release|Any CPU
	EndGlobalSection
	GlobalSection(SolutionProperties) = preSolution
		HideSolutionNode = FALSE
	EndGlobalSection
	GlobalSection(NestedProjects) = preSolution
		{4CDF3701-A67C-4492-A50D-BD1B0C54B885} = {106A688D-51E7-4417-8533-E7AFD2925147}
		{04CB505B-8E06-4690-A55B-420F71FC173E} = {D85B3B5A-05D9-4A56-A470-5C52167DD486}
		{78D4A4FD-5096-4696-AAE9-12A48D26BD2A} = {106A688D-51E7-4417-8533-E7AFD2925147}
		{20E52F8A-5A41-459E-8088-34EE798D1333} = {106A688D-51E7-4417-8533-E7AFD2925147}
		{DDC0B097-9721-4AF0-98C0-1F1DD2CA4DFA} = {D85B3B5A-05D9-4A56-A470-5C52167DD486}
		{BE755D7C-DDC6-4591-8A45-476F351A60C3} = {D85B3B5A-05D9-4A56-A470-5C52167DD486}
		{E558F4FE-F23D-4B89-A59E-DA0F299C226A} = {106A688D-51E7-4417-8533-E7AFD2925147}
		{0EACD6C5-FCFB-4727-BE1A-25F09FDAB107} = {D85B3B5A-05D9-4A56-A470-5C52167DD486}
		{D696BFCE-F062-4403-8100-65F382B8281F} = {D85B3B5A-05D9-4A56-A470-5C52167DD486}
		{BB407E76-E63C-4D2B-8C26-3E1ECED7FD07} = {BFE6C935-9955-4819-8767-339CA3E92CE1}
		{BD8213F4-7A77-4C24-B8E1-0F2B697E5EFC} = {D85B3B5A-05D9-4A56-A470-5C52167DD486}
		{BB51E0D6-7A4E-46C8-9394-C049AFEA7648} = {BFE6C935-9955-4819-8767-339CA3E92CE1}
		{D2449887-8D16-431D-8862-1822DE121FFA} = {BFE6C935-9955-4819-8767-339CA3E92CE1}
		{64100D02-3AF8-47A4-91FF-F56C3522D656} = {D85B3B5A-05D9-4A56-A470-5C52167DD486}
	EndGlobalSection
	GlobalSection(ExtensibilityGlobals) = postSolution
		SolutionGuid = {FE1F19B6-C30A-4700-88BB-81F4ACC08215}
	EndGlobalSection
EndGlobal
