
Microsoft Visual Studio Solution File, Format Version 12.00
# Visual Studio 15
VisualStudioVersion = 15.0.27703.2035
MinimumVisualStudioVersion = 10.0.40219.1
Project("{9A19103F-16F7-4668-BE54-9A1E7A4F7556}") = "Sumo.Data", "Code\Sumo.Data\Sumo.Data.csproj", "{4CDF3701-A67C-4492-A50D-BD1B0C54B885}"
EndProject
Project("{2150E333-8FDC-42A3-9474-1A3956D46DE8}") = "System", "System", "{106A688D-51E7-4417-8533-E7AFD2925147}"
EndProject
Project("{2150E333-8FDC-42A3-9474-1A3956D46DE8}") = "Tests", "Tests", "{D85B3B5A-05D9-4A56-A470-5C52167DD486}"
EndProject
Project("{9A19103F-16F7-4668-BE54-9A1E7A4F7556}") = "Test.Sumo.Data", "Test\Test.Sumo.Data\Test.Sumo.Data.csproj", "{04CB505B-8E06-4690-A55B-420F71FC173E}"
EndProject
Project("{9A19103F-16F7-4668-BE54-9A1E7A4F7556}") = "Sumo.Data.SqlServer", "Code\Sumo.Data.SqlServer\Sumo.Data.SqlServer.csproj", "{78D4A4FD-5096-4696-AAE9-12A48D26BD2A}"
EndProject
Project("{9A19103F-16F7-4668-BE54-9A1E7A4F7556}") = "Sumo.Retry", "Code\Sumo.RetryProxy\Sumo.Retry.csproj", "{20E52F8A-5A41-459E-8088-34EE798D1333}"
EndProject
Project("{9A19103F-16F7-4668-BE54-9A1E7A4F7556}") = "Test.Sumo.Data.SqlServer", "Test\Test.Sumo.Data.SqlServer\Test.Sumo.Data.SqlServer.csproj", "{DDC0B097-9721-4AF0-98C0-1F1DD2CA4DFA}"
EndProject
Project("{9A19103F-16F7-4668-BE54-9A1E7A4F7556}") = "Sumo.Data.Schema.SqlServer", "Code\Sumo.Data.Schema.SqlServer\Sumo.Data.Schema.SqlServer.csproj", "{C896EBC4-9575-418A-8EAE-840D96403F64}"
EndProject
Project("{2150E333-8FDC-42A3-9474-1A3956D46DE8}") = "CodeGeneration", "CodeGeneration", "{6B320E04-8BE7-4149-B63D-61D36E7A9B47}"
EndProject
Project("{9A19103F-16F7-4668-BE54-9A1E7A4F7556}") = "Sumo.Procedure.CodeGen", "Code\Sumo.Procedure.CodeGen\Sumo.Procedure.CodeGen.csproj", "{3CF85B3A-0624-49D8-9A69-1E9211CC04F6}"
EndProject
Project("{9A19103F-16F7-4668-BE54-9A1E7A4F7556}") = "Test.Sumo.RetryProxy", "Test\Test.Sumo.RetryProxy\Test.Sumo.RetryProxy.csproj", "{BE755D7C-DDC6-4591-8A45-476F351A60C3}"
EndProject
Project("{9A19103F-16F7-4668-BE54-9A1E7A4F7556}") = "Sumo.Data.Sqlite", "Code\Sumo.Data.Sqlite\Sumo.Data.Sqlite.csproj", "{E558F4FE-F23D-4B89-A59E-DA0F299C226A}"
EndProject
Project("{9A19103F-16F7-4668-BE54-9A1E7A4F7556}") = "Sumo.Data.Orm", "Code\Sumo.Data.Orm\Sumo.Data.Orm.csproj", "{3533D00A-B3A3-47AC-BDF6-7FF9ADE53F82}"
EndProject
Project("{9A19103F-16F7-4668-BE54-9A1E7A4F7556}") = "Sumo.Data.Schema", "Code\Sumo.Data.Schema\Sumo.Data.Schema.csproj", "{D7ADDA13-2C18-41BA-B106-948F166F1B15}"
EndProject
Project("{9A19103F-16F7-4668-BE54-9A1E7A4F7556}") = "Test.Sumo.Data.Schema", "Test\Test.Sumo.Data.Schema\Test.Sumo.Data.Schema.csproj", "{485B464A-8C4A-4CC5-80E6-202EF34AB2F3}"
EndProject
Project("{9A19103F-16F7-4668-BE54-9A1E7A4F7556}") = "Sumo.Data.Schema.Sqlite", "Code\Sumo.Data.Schema.Sqlite\Sumo.Data.Schema.Sqlite.csproj", "{A641948B-F36B-4454-8CD7-5122CEB20431}"
EndProject
Project("{9A19103F-16F7-4668-BE54-9A1E7A4F7556}") = "Test.Sumo.Data.Sqlite", "Test\Test.Sumo.Data.Sqlite\Test.Sumo.Data.Sqlite.csproj", "{0EACD6C5-FCFB-4727-BE1A-25F09FDAB107}"
EndProject
Project("{FAE04EC0-301F-11D3-BF4B-00C04F79EFBC}") = "Test.Sumo.Data.Orm.Sqlite", "Test\Test.Sumo.Data.Orm.Sqlite\Test.Sumo.Data.Orm.Sqlite.csproj", "{D696BFCE-F062-4403-8100-65F382B8281F}"
EndProject
Global
	GlobalSection(SolutionConfigurationPlatforms) = preSolution
		Debug|Any CPU = Debug|Any CPU
		Release|Any CPU = Release|Any CPU
	EndGlobalSection
	GlobalSection(ProjectConfigurationPlatforms) = postSolution
		{4CDF3701-A67C-4492-A50D-BD1B0C54B885}.Debug|Any CPU.ActiveCfg = Debug|Any CPU
		{4CDF3701-A67C-4492-A50D-BD1B0C54B885}.Debug|Any CPU.Build.0 = Debug|Any CPU
		{4CDF3701-A67C-4492-A50D-BD1B0C54B885}.Release|Any CPU.ActiveCfg = Release|Any CPU
		{4CDF3701-A67C-4492-A50D-BD1B0C54B885}.Release|Any CPU.Build.0 = Release|Any CPU
		{04CB505B-8E06-4690-A55B-420F71FC173E}.Debug|Any CPU.ActiveCfg = Debug|Any CPU
		{04CB505B-8E06-4690-A55B-420F71FC173E}.Debug|Any CPU.Build.0 = Debug|Any CPU
		{04CB505B-8E06-4690-A55B-420F71FC173E}.Release|Any CPU.ActiveCfg = Release|Any CPU
		{04CB505B-8E06-4690-A55B-420F71FC173E}.Release|Any CPU.Build.0 = Release|Any CPU
		{78D4A4FD-5096-4696-AAE9-12A48D26BD2A}.Debug|Any CPU.ActiveCfg = Debug|Any CPU
		{78D4A4FD-5096-4696-AAE9-12A48D26BD2A}.Debug|Any CPU.Build.0 = Debug|Any CPU
		{78D4A4FD-5096-4696-AAE9-12A48D26BD2A}.Release|Any CPU.ActiveCfg = Release|Any CPU
		{78D4A4FD-5096-4696-AAE9-12A48D26BD2A}.Release|Any CPU.Build.0 = Release|Any CPU
		{20E52F8A-5A41-459E-8088-34EE798D1333}.Debug|Any CPU.ActiveCfg = Debug|Any CPU
		{20E52F8A-5A41-459E-8088-34EE798D1333}.Debug|Any CPU.Build.0 = Debug|Any CPU
		{20E52F8A-5A41-459E-8088-34EE798D1333}.Release|Any CPU.ActiveCfg = Release|Any CPU
		{20E52F8A-5A41-459E-8088-34EE798D1333}.Release|Any CPU.Build.0 = Release|Any CPU
		{DDC0B097-9721-4AF0-98C0-1F1DD2CA4DFA}.Debug|Any CPU.ActiveCfg = Debug|Any CPU
		{DDC0B097-9721-4AF0-98C0-1F1DD2CA4DFA}.Debug|Any CPU.Build.0 = Debug|Any CPU
		{DDC0B097-9721-4AF0-98C0-1F1DD2CA4DFA}.Release|Any CPU.ActiveCfg = Release|Any CPU
		{DDC0B097-9721-4AF0-98C0-1F1DD2CA4DFA}.Release|Any CPU.Build.0 = Release|Any CPU
		{C896EBC4-9575-418A-8EAE-840D96403F64}.Debug|Any CPU.ActiveCfg = Debug|Any CPU
		{C896EBC4-9575-418A-8EAE-840D96403F64}.Debug|Any CPU.Build.0 = Debug|Any CPU
		{C896EBC4-9575-418A-8EAE-840D96403F64}.Release|Any CPU.ActiveCfg = Release|Any CPU
		{C896EBC4-9575-418A-8EAE-840D96403F64}.Release|Any CPU.Build.0 = Release|Any CPU
		{3CF85B3A-0624-49D8-9A69-1E9211CC04F6}.Debug|Any CPU.ActiveCfg = Debug|Any CPU
		{3CF85B3A-0624-49D8-9A69-1E9211CC04F6}.Debug|Any CPU.Build.0 = Debug|Any CPU
		{3CF85B3A-0624-49D8-9A69-1E9211CC04F6}.Release|Any CPU.ActiveCfg = Release|Any CPU
		{3CF85B3A-0624-49D8-9A69-1E9211CC04F6}.Release|Any CPU.Build.0 = Release|Any CPU
		{BE755D7C-DDC6-4591-8A45-476F351A60C3}.Debug|Any CPU.ActiveCfg = Debug|Any CPU
		{BE755D7C-DDC6-4591-8A45-476F351A60C3}.Debug|Any CPU.Build.0 = Debug|Any CPU
		{BE755D7C-DDC6-4591-8A45-476F351A60C3}.Release|Any CPU.ActiveCfg = Release|Any CPU
		{BE755D7C-DDC6-4591-8A45-476F351A60C3}.Release|Any CPU.Build.0 = Release|Any CPU
		{E558F4FE-F23D-4B89-A59E-DA0F299C226A}.Debug|Any CPU.ActiveCfg = Debug|Any CPU
		{E558F4FE-F23D-4B89-A59E-DA0F299C226A}.Debug|Any CPU.Build.0 = Debug|Any CPU
		{E558F4FE-F23D-4B89-A59E-DA0F299C226A}.Release|Any CPU.ActiveCfg = Release|Any CPU
		{E558F4FE-F23D-4B89-A59E-DA0F299C226A}.Release|Any CPU.Build.0 = Release|Any CPU
		{3533D00A-B3A3-47AC-BDF6-7FF9ADE53F82}.Debug|Any CPU.ActiveCfg = Debug|Any CPU
		{3533D00A-B3A3-47AC-BDF6-7FF9ADE53F82}.Debug|Any CPU.Build.0 = Debug|Any CPU
		{3533D00A-B3A3-47AC-BDF6-7FF9ADE53F82}.Release|Any CPU.ActiveCfg = Release|Any CPU
		{3533D00A-B3A3-47AC-BDF6-7FF9ADE53F82}.Release|Any CPU.Build.0 = Release|Any CPU
		{D7ADDA13-2C18-41BA-B106-948F166F1B15}.Debug|Any CPU.ActiveCfg = Debug|Any CPU
		{D7ADDA13-2C18-41BA-B106-948F166F1B15}.Debug|Any CPU.Build.0 = Debug|Any CPU
		{D7ADDA13-2C18-41BA-B106-948F166F1B15}.Release|Any CPU.ActiveCfg = Release|Any CPU
		{D7ADDA13-2C18-41BA-B106-948F166F1B15}.Release|Any CPU.Build.0 = Release|Any CPU
		{485B464A-8C4A-4CC5-80E6-202EF34AB2F3}.Debug|Any CPU.ActiveCfg = Debug|Any CPU
		{485B464A-8C4A-4CC5-80E6-202EF34AB2F3}.Debug|Any CPU.Build.0 = Debug|Any CPU
		{485B464A-8C4A-4CC5-80E6-202EF34AB2F3}.Release|Any CPU.ActiveCfg = Release|Any CPU
		{485B464A-8C4A-4CC5-80E6-202EF34AB2F3}.Release|Any CPU.Build.0 = Release|Any CPU
		{A641948B-F36B-4454-8CD7-5122CEB20431}.Debug|Any CPU.ActiveCfg = Debug|Any CPU
		{A641948B-F36B-4454-8CD7-5122CEB20431}.Debug|Any CPU.Build.0 = Debug|Any CPU
		{A641948B-F36B-4454-8CD7-5122CEB20431}.Release|Any CPU.ActiveCfg = Release|Any CPU
		{A641948B-F36B-4454-8CD7-5122CEB20431}.Release|Any CPU.Build.0 = Release|Any CPU
		{0EACD6C5-FCFB-4727-BE1A-25F09FDAB107}.Debug|Any CPU.ActiveCfg = Debug|Any CPU
		{0EACD6C5-FCFB-4727-BE1A-25F09FDAB107}.Debug|Any CPU.Build.0 = Debug|Any CPU
		{0EACD6C5-FCFB-4727-BE1A-25F09FDAB107}.Release|Any CPU.ActiveCfg = Release|Any CPU
		{0EACD6C5-FCFB-4727-BE1A-25F09FDAB107}.Release|Any CPU.Build.0 = Release|Any CPU
		{D696BFCE-F062-4403-8100-65F382B8281F}.Debug|Any CPU.ActiveCfg = Debug|Any CPU
		{D696BFCE-F062-4403-8100-65F382B8281F}.Debug|Any CPU.Build.0 = Debug|Any CPU
		{D696BFCE-F062-4403-8100-65F382B8281F}.Release|Any CPU.ActiveCfg = Release|Any CPU
		{D696BFCE-F062-4403-8100-65F382B8281F}.Release|Any CPU.Build.0 = Release|Any CPU
	EndGlobalSection
	GlobalSection(SolutionProperties) = preSolution
		HideSolutionNode = FALSE
	EndGlobalSection
	GlobalSection(NestedProjects) = preSolution
		{4CDF3701-A67C-4492-A50D-BD1B0C54B885} = {106A688D-51E7-4417-8533-E7AFD2925147}
		{04CB505B-8E06-4690-A55B-420F71FC173E} = {D85B3B5A-05D9-4A56-A470-5C52167DD486}
		{78D4A4FD-5096-4696-AAE9-12A48D26BD2A} = {106A688D-51E7-4417-8533-E7AFD2925147}
		{20E52F8A-5A41-459E-8088-34EE798D1333} = {106A688D-51E7-4417-8533-E7AFD2925147}
		{DDC0B097-9721-4AF0-98C0-1F1DD2CA4DFA} = {D85B3B5A-05D9-4A56-A470-5C52167DD486}
		{C896EBC4-9575-418A-8EAE-840D96403F64} = {106A688D-51E7-4417-8533-E7AFD2925147}
		{3CF85B3A-0624-49D8-9A69-1E9211CC04F6} = {6B320E04-8BE7-4149-B63D-61D36E7A9B47}
		{BE755D7C-DDC6-4591-8A45-476F351A60C3} = {D85B3B5A-05D9-4A56-A470-5C52167DD486}
		{E558F4FE-F23D-4B89-A59E-DA0F299C226A} = {106A688D-51E7-4417-8533-E7AFD2925147}
		{3533D00A-B3A3-47AC-BDF6-7FF9ADE53F82} = {106A688D-51E7-4417-8533-E7AFD2925147}
		{D7ADDA13-2C18-41BA-B106-948F166F1B15} = {106A688D-51E7-4417-8533-E7AFD2925147}
		{485B464A-8C4A-4CC5-80E6-202EF34AB2F3} = {D85B3B5A-05D9-4A56-A470-5C52167DD486}
		{A641948B-F36B-4454-8CD7-5122CEB20431} = {106A688D-51E7-4417-8533-E7AFD2925147}
		{0EACD6C5-FCFB-4727-BE1A-25F09FDAB107} = {D85B3B5A-05D9-4A56-A470-5C52167DD486}
		{D696BFCE-F062-4403-8100-65F382B8281F} = {D85B3B5A-05D9-4A56-A470-5C52167DD486}
	EndGlobalSection
	GlobalSection(ExtensibilityGlobals) = postSolution
		SolutionGuid = {FE1F19B6-C30A-4700-88BB-81F4ACC08215}
	EndGlobalSection
EndGlobal
